
Microsoft Visual Studio Solution File, Format Version 12.00
# Visual Studio Version 17
VisualStudioVersion = 17.4.33213.308
MinimumVisualStudioVersion = 10.0.40219.1
Project("{FAE04EC0-301F-11D3-BF4B-00C04F79EFBC}") = "SQLite_MVVM_EF", "SQLite_MVVM_EF\SQLite_MVVM_EF.csproj", "{7BBD68EA-2BC2-4E79-8A49-2EC5C90112EE}"
EndProject
Global
	GlobalSection(SolutionConfigurationPlatforms) = preSolution
		Debug|Any CPU = Debug|Any CPU
		Release|Any CPU = Release|Any CPU
	EndGlobalSection
	GlobalSection(ProjectConfigurationPlatforms) = postSolution
		{7BBD68EA-2BC2-4E79-8A49-2EC5C90112EE}.Debug|Any CPU.ActiveCfg = Debug|Any CPU
		{7BBD68EA-2BC2-4E79-8A49-2EC5C90112EE}.Debug|Any CPU.Build.0 = Debug|Any CPU
		{7BBD68EA-2BC2-4E79-8A49-2EC5C90112EE}.Release|Any CPU.ActiveCfg = Release|Any CPU
		{7BBD68EA-2BC2-4E79-8A49-2EC5C90112EE}.Release|Any CPU.Build.0 = Release|Any CPU
	EndGlobalSection
	GlobalSection(SolutionProperties) = preSolution
		HideSolutionNode = FALSE
	EndGlobalSection
	GlobalSection(ExtensibilityGlobals) = postSolution
		SolutionGuid = {6291D577-CC5B-49D9-81A4-0345B605F579}
	EndGlobalSection
EndGlobal
